{
  "name": "y",
  "version": "1.0.0",
  "lockfileVersion": 3,
  "requires": true,
  "packages": {
    "": {
      "name": "y",
      "version": "1.0.0",
      "license": "ISC",
      "dependencies": {
        "@bufbuild/protobuf": "2.7.0",
        "@connectrpc/connect": "2.1.0"
      }
    },
    "node_modules/@bufbuild/protobuf": {
      "version": "2.7.0",
      "resolved": "https://registry.npmjs.org/@bufbuild/protobuf/-/protobuf-2.7.0.tgz",
      "integrity": "sha512-qn6tAIZEw5i/wiESBF4nQxZkl86aY4KoO0IkUa2Lh+rya64oTOdJQFlZuMwI1Qz9VBJQrQC4QlSA2DNek5gCOA=="
    },
    "node_modules/@connectrpc/connect": {
      "version": "2.1.0",
      "resolved": "https://registry.npmjs.org/@connectrpc/connect/-/connect-2.1.0.tgz",
      "integrity": "sha512-xhiwnYlJNHzmFsRw+iSPIwXR/xweTvTw8x5HiwWp10sbVtd4OpOXbRgE7V58xs1EC17fzusF1f5uOAy24OkBuA==",
      "peerDependencies": {
        "@bufbuild/protobuf": "^2.7.0"
      }
    }
  }
}
